// !$*UTF8*$!
{
	archiveVersion = 1;
	classes = {
	};
	objectVersion = 52;
	objects = {

/* Begin PBXBuildFile section */
		147C3521761F1469B1DAAD44 /* Pods_Planit.framework in Frameworks */ = {isa = PBXBuildFile; fileRef = 294C5A1FA1C3C55AC3FD82FD /* Pods_Planit.framework */; };
		B607976C2727FD2000D6D454 /* InputUserInfo.storyboard in Resources */ = {isa = PBXBuildFile; fileRef = B607976B2727FD2000D6D454 /* InputUserInfo.storyboard */; };
		B607976E2727FD3100D6D454 /* InputNameViewController.swift in Sources */ = {isa = PBXBuildFile; fileRef = B607976D2727FD3100D6D454 /* InputNameViewController.swift */; };
		B60797712727FF8A00D6D454 /* NavigationViewController.swift in Sources */ = {isa = PBXBuildFile; fileRef = B60797702727FF8A00D6D454 /* NavigationViewController.swift */; };
		B60D61072729A27700D95950 /* InputRecommenderViewController.swift in Sources */ = {isa = PBXBuildFile; fileRef = B60D61062729A27700D95950 /* InputRecommenderViewController.swift */; };
		B60DBC8D271954A500A7F3C6 /* FacebookCore in Frameworks */ = {isa = PBXBuildFile; productRef = B60DBC8C271954A500A7F3C6 /* FacebookCore */; };
		B60DBC8F271954A500A7F3C6 /* FacebookLogin in Frameworks */ = {isa = PBXBuildFile; productRef = B60DBC8E271954A500A7F3C6 /* FacebookLogin */; };
		B6224209272D06FE004F6750 /* nickNameInput.swift in Sources */ = {isa = PBXBuildFile; fileRef = B6224208272D06FE004F6750 /* nickNameInput.swift */; };
		B622420B272D0751004F6750 /* nickNameEntity.swift in Sources */ = {isa = PBXBuildFile; fileRef = B622420A272D0751004F6750 /* nickNameEntity.swift */; };
		B622420E272D07EE004F6750 /* NickNameDataManager.swift in Sources */ = {isa = PBXBuildFile; fileRef = B622420D272D07EE004F6750 /* NickNameDataManager.swift */; };
		B6224210272D0840004F6750 /* Constant.swift in Sources */ = {isa = PBXBuildFile; fileRef = B622420F272D0840004F6750 /* Constant.swift */; };
		B6224217272D12D3004F6750 /* UserEntity.swift in Sources */ = {isa = PBXBuildFile; fileRef = B6224216272D12D3004F6750 /* UserEntity.swift */; };
		B6224219272D12DC004F6750 /* UserDataManager.swift in Sources */ = {isa = PBXBuildFile; fileRef = B6224218272D12DC004F6750 /* UserDataManager.swift */; };
		B65310E127253E6F004AD249 /* TimerViewModel.swift in Sources */ = {isa = PBXBuildFile; fileRef = B65310E027253E6F004AD249 /* TimerViewModel.swift */; };
		B6709E55272BD7C100847491 /* NotificationName.swift in Sources */ = {isa = PBXBuildFile; fileRef = B6709E54272BD7C100847491 /* NotificationName.swift */; };
		B6709E62272BF05300847491 /* SelectGender.storyboard in Resources */ = {isa = PBXBuildFile; fileRef = B6709E61272BF05300847491 /* SelectGender.storyboard */; };
		B6709E65272BF1CB00847491 /* InputBirthday.storyboard in Resources */ = {isa = PBXBuildFile; fileRef = B6709E64272BF1CB00847491 /* InputBirthday.storyboard */; };
		B6709E69272BF31600847491 /* SelectJob.storyboard in Resources */ = {isa = PBXBuildFile; fileRef = B6709E68272BF31600847491 /* SelectJob.storyboard */; };
		B6709E6B272BF32100847491 /* InputRecommander.storyboard in Resources */ = {isa = PBXBuildFile; fileRef = B6709E6A272BF32100847491 /* InputRecommander.storyboard */; };
		B67C989C2724FA3B0039D271 /* BaseTabBarController.swift in Sources */ = {isa = PBXBuildFile; fileRef = B67C989B2724FA3B0039D271 /* BaseTabBarController.swift */; };
		B67C98A02724FA9C0039D271 /* Color.swift in Sources */ = {isa = PBXBuildFile; fileRef = B67C989F2724FA9C0039D271 /* Color.swift */; };
		B67C98A22724FB910039D271 /* UIViewController.swift in Sources */ = {isa = PBXBuildFile; fileRef = B67C98A12724FB910039D271 /* UIViewController.swift */; };
		B67C98A42724FBBE0039D271 /* IndicatorView.swift in Sources */ = {isa = PBXBuildFile; fileRef = B67C98A32724FBBE0039D271 /* IndicatorView.swift */; };
		B67C98A62724FFB30039D271 /* TimerView.swift in Sources */ = {isa = PBXBuildFile; fileRef = B67C98A52724FFB30039D271 /* TimerView.swift */; };
		B6B118332716D261008842BA /* AppDelegate.swift in Sources */ = {isa = PBXBuildFile; fileRef = B6B118322716D261008842BA /* AppDelegate.swift */; };
		B6B118352716D261008842BA /* SceneDelegate.swift in Sources */ = {isa = PBXBuildFile; fileRef = B6B118342716D261008842BA /* SceneDelegate.swift */; };
		B6B1183C2716D262008842BA /* Assets.xcassets in Resources */ = {isa = PBXBuildFile; fileRef = B6B1183B2716D262008842BA /* Assets.xcassets */; };
		B6B1183F2716D262008842BA /* LaunchScreen.storyboard in Resources */ = {isa = PBXBuildFile; fileRef = B6B1183D2716D262008842BA /* LaunchScreen.storyboard */; };
		B6B1184A2716D262008842BA /* PlanitTests.swift in Sources */ = {isa = PBXBuildFile; fileRef = B6B118492716D262008842BA /* PlanitTests.swift */; };
		B6B118552716D262008842BA /* PlanitUITests.swift in Sources */ = {isa = PBXBuildFile; fileRef = B6B118542716D262008842BA /* PlanitUITests.swift */; };
		B6B118672716D7B0008842BA /* LoginViewController.swift in Sources */ = {isa = PBXBuildFile; fileRef = B6B118652716D7B0008842BA /* LoginViewController.swift */; };
		B6B118682716D7B0008842BA /* LoginViewController.xib in Resources */ = {isa = PBXBuildFile; fileRef = B6B118662716D7B0008842BA /* LoginViewController.xib */; };
		B6B22698272933860021A9A4 /* SelectGenderViewController.swift in Sources */ = {isa = PBXBuildFile; fileRef = B6B22697272933860021A9A4 /* SelectGenderViewController.swift */; };
		B6B2269A27293C080021A9A4 /* InputBirthdayViewController.swift in Sources */ = {isa = PBXBuildFile; fileRef = B6B2269927293C080021A9A4 /* InputBirthdayViewController.swift */; };
		B6B2269D272941370021A9A4 /* SelectJobViewController.swift in Sources */ = {isa = PBXBuildFile; fileRef = B6B2269C272941370021A9A4 /* SelectJobViewController.swift */; };
		B6B272AE272687ED0010138A /* TermsOfUseViewController.swift in Sources */ = {isa = PBXBuildFile; fileRef = B6B272AC272687ED0010138A /* TermsOfUseViewController.swift */; };
		B6B272AF272687ED0010138A /* TermsOfUseViewController.xib in Resources */ = {isa = PBXBuildFile; fileRef = B6B272AD272687ED0010138A /* TermsOfUseViewController.xib */; };
		B6D1FDF22728308A00C9C846 /* UITextField.swift in Sources */ = {isa = PBXBuildFile; fileRef = B6D1FDF12728308A00C9C846 /* UITextField.swift */; };
/* End PBXBuildFile section */

/* Begin PBXContainerItemProxy section */
		B6B118462716D262008842BA /* PBXContainerItemProxy */ = {
			isa = PBXContainerItemProxy;
			containerPortal = B6B118272716D261008842BA /* Project object */;
			proxyType = 1;
			remoteGlobalIDString = B6B1182E2716D261008842BA;
			remoteInfo = "Cash Study";
		};
		B6B118512716D262008842BA /* PBXContainerItemProxy */ = {
			isa = PBXContainerItemProxy;
			containerPortal = B6B118272716D261008842BA /* Project object */;
			proxyType = 1;
			remoteGlobalIDString = B6B1182E2716D261008842BA;
			remoteInfo = "Cash Study";
		};
/* End PBXContainerItemProxy section */

/* Begin PBXFileReference section */
		12515EB9F88CEC06F6BF6A21 /* Pods-Planit.release.xcconfig */ = {isa = PBXFileReference; includeInIndex = 1; lastKnownFileType = text.xcconfig; name = "Pods-Planit.release.xcconfig"; path = "Target Support Files/Pods-Planit/Pods-Planit.release.xcconfig"; sourceTree = "<group>"; };
		294C5A1FA1C3C55AC3FD82FD /* Pods_Planit.framework */ = {isa = PBXFileReference; explicitFileType = wrapper.framework; includeInIndex = 0; path = Pods_Planit.framework; sourceTree = BUILT_PRODUCTS_DIR; };
		A58A080CB94FCEFA57FD8DDA /* Pods-Planit.debug.xcconfig */ = {isa = PBXFileReference; includeInIndex = 1; lastKnownFileType = text.xcconfig; name = "Pods-Planit.debug.xcconfig"; path = "Target Support Files/Pods-Planit/Pods-Planit.debug.xcconfig"; sourceTree = "<group>"; };
		B607976B2727FD2000D6D454 /* InputUserInfo.storyboard */ = {isa = PBXFileReference; lastKnownFileType = file.storyboard; path = InputUserInfo.storyboard; sourceTree = "<group>"; };
		B607976D2727FD3100D6D454 /* InputNameViewController.swift */ = {isa = PBXFileReference; lastKnownFileType = sourcecode.swift; path = InputNameViewController.swift; sourceTree = "<group>"; };
		B60797702727FF8A00D6D454 /* NavigationViewController.swift */ = {isa = PBXFileReference; lastKnownFileType = sourcecode.swift; path = NavigationViewController.swift; sourceTree = "<group>"; };
		B60D61062729A27700D95950 /* InputRecommenderViewController.swift */ = {isa = PBXFileReference; lastKnownFileType = sourcecode.swift; path = InputRecommenderViewController.swift; sourceTree = "<group>"; };
		B6224208272D06FE004F6750 /* nickNameInput.swift */ = {isa = PBXFileReference; lastKnownFileType = sourcecode.swift; path = nickNameInput.swift; sourceTree = "<group>"; };
		B622420A272D0751004F6750 /* nickNameEntity.swift */ = {isa = PBXFileReference; lastKnownFileType = sourcecode.swift; path = nickNameEntity.swift; sourceTree = "<group>"; };
		B622420D272D07EE004F6750 /* NickNameDataManager.swift */ = {isa = PBXFileReference; lastKnownFileType = sourcecode.swift; path = NickNameDataManager.swift; sourceTree = "<group>"; };
		B622420F272D0840004F6750 /* Constant.swift */ = {isa = PBXFileReference; lastKnownFileType = sourcecode.swift; path = Constant.swift; sourceTree = "<group>"; };
		B6224216272D12D3004F6750 /* UserEntity.swift */ = {isa = PBXFileReference; lastKnownFileType = sourcecode.swift; path = UserEntity.swift; sourceTree = "<group>"; };
		B6224218272D12DC004F6750 /* UserDataManager.swift */ = {isa = PBXFileReference; lastKnownFileType = sourcecode.swift; path = UserDataManager.swift; sourceTree = "<group>"; };
		B65310E027253E6F004AD249 /* TimerViewModel.swift */ = {isa = PBXFileReference; lastKnownFileType = sourcecode.swift; path = TimerViewModel.swift; sourceTree = "<group>"; };
		B6709E54272BD7C100847491 /* NotificationName.swift */ = {isa = PBXFileReference; lastKnownFileType = sourcecode.swift; path = NotificationName.swift; sourceTree = "<group>"; };
		B6709E61272BF05300847491 /* SelectGender.storyboard */ = {isa = PBXFileReference; lastKnownFileType = file.storyboard; path = SelectGender.storyboard; sourceTree = "<group>"; };
		B6709E64272BF1CB00847491 /* InputBirthday.storyboard */ = {isa = PBXFileReference; lastKnownFileType = file.storyboard; path = InputBirthday.storyboard; sourceTree = "<group>"; };
		B6709E68272BF31600847491 /* SelectJob.storyboard */ = {isa = PBXFileReference; lastKnownFileType = file.storyboard; path = SelectJob.storyboard; sourceTree = "<group>"; };
		B6709E6A272BF32100847491 /* InputRecommander.storyboard */ = {isa = PBXFileReference; lastKnownFileType = file.storyboard; path = InputRecommander.storyboard; sourceTree = "<group>"; };
		B67C989B2724FA3B0039D271 /* BaseTabBarController.swift */ = {isa = PBXFileReference; lastKnownFileType = sourcecode.swift; path = BaseTabBarController.swift; sourceTree = "<group>"; };
		B67C989F2724FA9C0039D271 /* Color.swift */ = {isa = PBXFileReference; lastKnownFileType = sourcecode.swift; path = Color.swift; sourceTree = "<group>"; };
		B67C98A12724FB910039D271 /* UIViewController.swift */ = {isa = PBXFileReference; lastKnownFileType = sourcecode.swift; path = UIViewController.swift; sourceTree = "<group>"; };
		B67C98A32724FBBE0039D271 /* IndicatorView.swift */ = {isa = PBXFileReference; lastKnownFileType = sourcecode.swift; path = IndicatorView.swift; sourceTree = "<group>"; };
		B67C98A52724FFB30039D271 /* TimerView.swift */ = {isa = PBXFileReference; lastKnownFileType = sourcecode.swift; path = TimerView.swift; sourceTree = "<group>"; };
		B6B1182F2716D261008842BA /* Planit.app */ = {isa = PBXFileReference; explicitFileType = wrapper.application; includeInIndex = 0; path = Planit.app; sourceTree = BUILT_PRODUCTS_DIR; };
		B6B118322716D261008842BA /* AppDelegate.swift */ = {isa = PBXFileReference; lastKnownFileType = sourcecode.swift; path = AppDelegate.swift; sourceTree = "<group>"; };
		B6B118342716D261008842BA /* SceneDelegate.swift */ = {isa = PBXFileReference; lastKnownFileType = sourcecode.swift; path = SceneDelegate.swift; sourceTree = "<group>"; };
		B6B1183B2716D262008842BA /* Assets.xcassets */ = {isa = PBXFileReference; lastKnownFileType = folder.assetcatalog; path = Assets.xcassets; sourceTree = "<group>"; };
		B6B1183E2716D262008842BA /* Base */ = {isa = PBXFileReference; lastKnownFileType = file.storyboard; name = Base; path = Base.lproj/LaunchScreen.storyboard; sourceTree = "<group>"; };
		B6B118402716D262008842BA /* Info.plist */ = {isa = PBXFileReference; lastKnownFileType = text.plist.xml; path = Info.plist; sourceTree = "<group>"; };
		B6B118452716D262008842BA /* Planit */ = {isa = PBXFileReference; explicitFileType = wrapper.cfbundle; includeInIndex = 0; name = Planit; path = PlanitTests.xctest; sourceTree = BUILT_PRODUCTS_DIR; };
		B6B118492716D262008842BA /* PlanitTests.swift */ = {isa = PBXFileReference; lastKnownFileType = sourcecode.swift; path = PlanitTests.swift; sourceTree = "<group>"; };
		B6B1184B2716D262008842BA /* Info.plist */ = {isa = PBXFileReference; lastKnownFileType = text.plist.xml; path = Info.plist; sourceTree = "<group>"; };
		B6B118502716D262008842BA /* Planit */ = {isa = PBXFileReference; explicitFileType = wrapper.cfbundle; includeInIndex = 0; name = Planit; path = PlanitUITests.xctest; sourceTree = BUILT_PRODUCTS_DIR; };
		B6B118542716D262008842BA /* PlanitUITests.swift */ = {isa = PBXFileReference; lastKnownFileType = sourcecode.swift; path = PlanitUITests.swift; sourceTree = "<group>"; };
		B6B118562716D262008842BA /* Info.plist */ = {isa = PBXFileReference; lastKnownFileType = text.plist.xml; path = Info.plist; sourceTree = "<group>"; };
		B6B118652716D7B0008842BA /* LoginViewController.swift */ = {isa = PBXFileReference; lastKnownFileType = sourcecode.swift; path = LoginViewController.swift; sourceTree = "<group>"; };
		B6B118662716D7B0008842BA /* LoginViewController.xib */ = {isa = PBXFileReference; lastKnownFileType = file.xib; path = LoginViewController.xib; sourceTree = "<group>"; };
		B6B22697272933860021A9A4 /* SelectGenderViewController.swift */ = {isa = PBXFileReference; lastKnownFileType = sourcecode.swift; path = SelectGenderViewController.swift; sourceTree = "<group>"; };
		B6B2269927293C080021A9A4 /* InputBirthdayViewController.swift */ = {isa = PBXFileReference; lastKnownFileType = sourcecode.swift; path = InputBirthdayViewController.swift; sourceTree = "<group>"; };
		B6B2269C272941370021A9A4 /* SelectJobViewController.swift */ = {isa = PBXFileReference; lastKnownFileType = sourcecode.swift; path = SelectJobViewController.swift; sourceTree = "<group>"; };
		B6B272AC272687ED0010138A /* TermsOfUseViewController.swift */ = {isa = PBXFileReference; lastKnownFileType = sourcecode.swift; path = TermsOfUseViewController.swift; sourceTree = "<group>"; };
		B6B272AD272687ED0010138A /* TermsOfUseViewController.xib */ = {isa = PBXFileReference; lastKnownFileType = file.xib; path = TermsOfUseViewController.xib; sourceTree = "<group>"; };
		B6D1FDF12728308A00C9C846 /* UITextField.swift */ = {isa = PBXFileReference; lastKnownFileType = sourcecode.swift; path = UITextField.swift; sourceTree = "<group>"; };
/* End PBXFileReference section */

/* Begin PBXFrameworksBuildPhase section */
		B6B1182C2716D261008842BA /* Frameworks */ = {
			isa = PBXFrameworksBuildPhase;
			buildActionMask = 2147483647;
			files = (
				B60DBC8D271954A500A7F3C6 /* FacebookCore in Frameworks */,
				B60DBC8F271954A500A7F3C6 /* FacebookLogin in Frameworks */,
				147C3521761F1469B1DAAD44 /* Pods_Planit.framework in Frameworks */,
			);
			runOnlyForDeploymentPostprocessing = 0;
		};
		B6B118422716D262008842BA /* Frameworks */ = {
			isa = PBXFrameworksBuildPhase;
			buildActionMask = 2147483647;
			files = (
			);
			runOnlyForDeploymentPostprocessing = 0;
		};
		B6B1184D2716D262008842BA /* Frameworks */ = {
			isa = PBXFrameworksBuildPhase;
			buildActionMask = 2147483647;
			files = (
			);
			runOnlyForDeploymentPostprocessing = 0;
		};
/* End PBXFrameworksBuildPhase section */

/* Begin PBXGroup section */
		1608D476363EB172B6AFCFB7 /* Pods */ = {
			isa = PBXGroup;
			children = (
				A58A080CB94FCEFA57FD8DDA /* Pods-Planit.debug.xcconfig */,
				12515EB9F88CEC06F6BF6A21 /* Pods-Planit.release.xcconfig */,
			);
			path = Pods;
			sourceTree = "<group>";
		};
		5E3D4B64F2D9191CD05CDD04 /* Frameworks */ = {
			isa = PBXGroup;
			children = (
				294C5A1FA1C3C55AC3FD82FD /* Pods_Planit.framework */,
			);
			name = Frameworks;
			sourceTree = "<group>";
		};
		B60797652727FAB500D6D454 /* MainViews */ = {
			isa = PBXGroup;
			children = (
				B65310DC27253E32004AD249 /* Timer */,
			);
			path = MainViews;
			sourceTree = "<group>";
		};
		B60797662727FBD600D6D454 /* RegisterView */ = {
			isa = PBXGroup;
			children = (
				B6224215272D1292004F6750 /* DataManager */,
				B6224214272D128C004F6750 /* Entity */,
				B6B226A0272941690021A9A4 /* InputUserInfo */,
				B6709E60272BF03700847491 /* SelectGender */,
				B6709E63272BF1B100847491 /* InputBirthday */,
				B6709E66272BF2D400847491 /* SelectJob */,
				B6709E67272BF2F200847491 /* InputRecommander */,
				B6B2269E272941460021A9A4 /* NavigationVC */,
			);
			path = RegisterView;
			sourceTree = "<group>";
		};
		B6224203272D03BC004F6750 /* Entity */ = {
			isa = PBXGroup;
			children = (
				B6224208272D06FE004F6750 /* nickNameInput.swift */,
				B622420A272D0751004F6750 /* nickNameEntity.swift */,
			);
			path = Entity;
			sourceTree = "<group>";
		};
		B622420C272D07DB004F6750 /* DataManager */ = {
			isa = PBXGroup;
			children = (
				B622420D272D07EE004F6750 /* NickNameDataManager.swift */,
			);
			path = DataManager;
			sourceTree = "<group>";
		};
		B6224211272D0852004F6750 /* Base */ = {
			isa = PBXGroup;
			children = (
				B67C989B2724FA3B0039D271 /* BaseTabBarController.swift */,
			);
			path = Base;
			sourceTree = "<group>";
		};
		B6224214272D128C004F6750 /* Entity */ = {
			isa = PBXGroup;
			children = (
				B6224216272D12D3004F6750 /* UserEntity.swift */,
			);
			path = Entity;
			sourceTree = "<group>";
		};
		B6224215272D1292004F6750 /* DataManager */ = {
			isa = PBXGroup;
			children = (
				B6224218272D12DC004F6750 /* UserDataManager.swift */,
			);
			path = DataManager;
			sourceTree = "<group>";
		};
		B65310DC27253E32004AD249 /* Timer */ = {
			isa = PBXGroup;
			children = (
				B65310DF27253E49004AD249 /* Model */,
				B65310DE27253E45004AD249 /* View */,
				B65310DD27253E40004AD249 /* ViewModel */,
			);
			path = Timer;
			sourceTree = "<group>";
		};
		B65310DD27253E40004AD249 /* ViewModel */ = {
			isa = PBXGroup;
			children = (
				B65310E027253E6F004AD249 /* TimerViewModel.swift */,
			);
			path = ViewModel;
			sourceTree = "<group>";
		};
		B65310DE27253E45004AD249 /* View */ = {
			isa = PBXGroup;
			children = (
				B67C98A52724FFB30039D271 /* TimerView.swift */,
			);
			path = View;
			sourceTree = "<group>";
		};
		B65310DF27253E49004AD249 /* Model */ = {
			isa = PBXGroup;
			children = (
			);
			path = Model;
			sourceTree = "<group>";
		};
		B6709E60272BF03700847491 /* SelectGender */ = {
			isa = PBXGroup;
			children = (
				B6709E61272BF05300847491 /* SelectGender.storyboard */,
				B6B22697272933860021A9A4 /* SelectGenderViewController.swift */,
			);
			path = SelectGender;
			sourceTree = "<group>";
		};
		B6709E63272BF1B100847491 /* InputBirthday */ = {
			isa = PBXGroup;
			children = (
				B6709E64272BF1CB00847491 /* InputBirthday.storyboard */,
				B6B2269927293C080021A9A4 /* InputBirthdayViewController.swift */,
			);
			path = InputBirthday;
			sourceTree = "<group>";
		};
		B6709E66272BF2D400847491 /* SelectJob */ = {
			isa = PBXGroup;
			children = (
				B6709E68272BF31600847491 /* SelectJob.storyboard */,
				B6B2269C272941370021A9A4 /* SelectJobViewController.swift */,
			);
			path = SelectJob;
			sourceTree = "<group>";
		};
		B6709E67272BF2F200847491 /* InputRecommander */ = {
			isa = PBXGroup;
			children = (
				B6709E6A272BF32100847491 /* InputRecommander.storyboard */,
				B60D61062729A27700D95950 /* InputRecommenderViewController.swift */,
			);
			path = InputRecommander;
			sourceTree = "<group>";
		};
		B67C98982724F9E60039D271 /* Configuration */ = {
			isa = PBXGroup;
			children = (
				B6B1183B2716D262008842BA /* Assets.xcassets */,
				B6B118402716D262008842BA /* Info.plist */,
				B6224211272D0852004F6750 /* Base */,
				B67C989E2724FA810039D271 /* Extension */,
			);
			path = Configuration;
			sourceTree = "<group>";
		};
		B67C989E2724FA810039D271 /* Extension */ = {
			isa = PBXGroup;
			children = (
				B67C989F2724FA9C0039D271 /* Color.swift */,
				B67C98A12724FB910039D271 /* UIViewController.swift */,
				B67C98A32724FBBE0039D271 /* IndicatorView.swift */,
				B6D1FDF12728308A00C9C846 /* UITextField.swift */,
				B6709E54272BD7C100847491 /* NotificationName.swift */,
			);
			path = Extension;
			sourceTree = "<group>";
		};
		B6B118262716D261008842BA = {
			isa = PBXGroup;
			children = (
				B6B118312716D261008842BA /* Planit */,
				B6B118482716D262008842BA /* PlanitTests */,
				B6B118532716D262008842BA /* PlanitUITests */,
				B6B118302716D261008842BA /* Products */,
				1608D476363EB172B6AFCFB7 /* Pods */,
				5E3D4B64F2D9191CD05CDD04 /* Frameworks */,
			);
			sourceTree = "<group>";
		};
		B6B118302716D261008842BA /* Products */ = {
			isa = PBXGroup;
			children = (
				B6B1182F2716D261008842BA /* Planit.app */,
				B6B118452716D262008842BA /* Planit */,
				B6B118502716D262008842BA /* Planit */,
			);
			name = Products;
			sourceTree = "<group>";
		};
		B6B118312716D261008842BA /* Planit */ = {
			isa = PBXGroup;
			children = (
				B67C98982724F9E60039D271 /* Configuration */,
				B622420F272D0840004F6750 /* Constant.swift */,
				B6B118632716D5B4008842BA /* Splash */,
				B6B1186D2716D88D008842BA /* LoginVC */,
				B6B272AB272686250010138A /* TermsOfUse */,
				B60797652727FAB500D6D454 /* MainViews */,
				B6B118622716D317008842BA /* Resource */,
			);
			path = Planit;
			sourceTree = "<group>";
		};
		B6B118482716D262008842BA /* PlanitTests */ = {
			isa = PBXGroup;
			children = (
				B6B118492716D262008842BA /* PlanitTests.swift */,
				B6B1184B2716D262008842BA /* Info.plist */,
			);
			path = PlanitTests;
			sourceTree = "<group>";
		};
		B6B118532716D262008842BA /* PlanitUITests */ = {
			isa = PBXGroup;
			children = (
				B6B118542716D262008842BA /* PlanitUITests.swift */,
				B6B118562716D262008842BA /* Info.plist */,
			);
			path = PlanitUITests;
			sourceTree = "<group>";
		};
		B6B118622716D317008842BA /* Resource */ = {
			isa = PBXGroup;
			children = (
				B6B118322716D261008842BA /* AppDelegate.swift */,
				B6B118342716D261008842BA /* SceneDelegate.swift */,
			);
			path = Resource;
			sourceTree = "<group>";
		};
		B6B118632716D5B4008842BA /* Splash */ = {
			isa = PBXGroup;
			children = (
				B6B1183D2716D262008842BA /* LaunchScreen.storyboard */,
			);
			path = Splash;
			sourceTree = "<group>";
		};
		B6B1186D2716D88D008842BA /* LoginVC */ = {
			isa = PBXGroup;
			children = (
				B6B118662716D7B0008842BA /* LoginViewController.xib */,
				B6B118652716D7B0008842BA /* LoginViewController.swift */,
			);
			path = LoginVC;
			sourceTree = "<group>";
		};
		B6B2269E272941460021A9A4 /* NavigationVC */ = {
			isa = PBXGroup;
			children = (
				B60797702727FF8A00D6D454 /* NavigationViewController.swift */,
			);
			path = NavigationVC;
			sourceTree = "<group>";
		};
		B6B226A0272941690021A9A4 /* InputUserInfo */ = {
			isa = PBXGroup;
			children = (
				B622420C272D07DB004F6750 /* DataManager */,
				B6224203272D03BC004F6750 /* Entity */,
				B607976B2727FD2000D6D454 /* InputUserInfo.storyboard */,
				B607976D2727FD3100D6D454 /* InputNameViewController.swift */,
			);
			path = InputUserInfo;
			sourceTree = "<group>";
		};
		B6B272AB272686250010138A /* TermsOfUse */ = {
			isa = PBXGroup;
			children = (
				B6B272AD272687ED0010138A /* TermsOfUseViewController.xib */,
				B6B272AC272687ED0010138A /* TermsOfUseViewController.swift */,
				B60797662727FBD600D6D454 /* RegisterView */,
			);
			path = TermsOfUse;
			sourceTree = "<group>";
		};
/* End PBXGroup section */

/* Begin PBXNativeTarget section */
		B6B1182E2716D261008842BA /* Planit */ = {
			isa = PBXNativeTarget;
			buildConfigurationList = B6B118592716D262008842BA /* Build configuration list for PBXNativeTarget "Planit" */;
			buildPhases = (
				33D8C2D60FAADBCC85178303 /* [CP] Check Pods Manifest.lock */,
				B6B1182B2716D261008842BA /* Sources */,
				B6B1182C2716D261008842BA /* Frameworks */,
				B6B1182D2716D261008842BA /* Resources */,
				0EF53A07AF2CC4C4A8C8FEC5 /* [CP] Embed Pods Frameworks */,
			);
			buildRules = (
			);
			dependencies = (
			);
			name = Planit;
			packageProductDependencies = (
				B60DBC8C271954A500A7F3C6 /* FacebookCore */,
				B60DBC8E271954A500A7F3C6 /* FacebookLogin */,
			);
			productName = "Cash Study";
			productReference = B6B1182F2716D261008842BA /* Planit.app */;
			productType = "com.apple.product-type.application";
		};
		B6B118442716D262008842BA /* PlanitTests */ = {
			isa = PBXNativeTarget;
			buildConfigurationList = B6B1185C2716D262008842BA /* Build configuration list for PBXNativeTarget "PlanitTests" */;
			buildPhases = (
				B6B118412716D262008842BA /* Sources */,
				B6B118422716D262008842BA /* Frameworks */,
				B6B118432716D262008842BA /* Resources */,
			);
			buildRules = (
			);
			dependencies = (
				B6B118472716D262008842BA /* PBXTargetDependency */,
			);
			name = PlanitTests;
			productName = "Cash StudyTests";
			productReference = B6B118452716D262008842BA /* Planit */;
			productType = "com.apple.product-type.bundle.unit-test";
		};
		B6B1184F2716D262008842BA /* PlanitUITests */ = {
			isa = PBXNativeTarget;
			buildConfigurationList = B6B1185F2716D262008842BA /* Build configuration list for PBXNativeTarget "PlanitUITests" */;
			buildPhases = (
				B6B1184C2716D262008842BA /* Sources */,
				B6B1184D2716D262008842BA /* Frameworks */,
				B6B1184E2716D262008842BA /* Resources */,
			);
			buildRules = (
			);
			dependencies = (
				B6B118522716D262008842BA /* PBXTargetDependency */,
			);
			name = PlanitUITests;
			productName = "Cash StudyUITests";
			productReference = B6B118502716D262008842BA /* Planit */;
			productType = "com.apple.product-type.bundle.ui-testing";
		};
/* End PBXNativeTarget section */

/* Begin PBXProject section */
		B6B118272716D261008842BA /* Project object */ = {
			isa = PBXProject;
			attributes = {
				LastSwiftUpdateCheck = 1250;
				LastUpgradeCheck = 1250;
				TargetAttributes = {
					B6B1182E2716D261008842BA = {
						CreatedOnToolsVersion = 12.5.1;
					};
					B6B118442716D262008842BA = {
						CreatedOnToolsVersion = 12.5.1;
						TestTargetID = B6B1182E2716D261008842BA;
					};
					B6B1184F2716D262008842BA = {
						CreatedOnToolsVersion = 12.5.1;
						TestTargetID = B6B1182E2716D261008842BA;
					};
				};
			};
			buildConfigurationList = B6B1182A2716D261008842BA /* Build configuration list for PBXProject "Planit" */;
			compatibilityVersion = "Xcode 9.3";
			developmentRegion = en;
			hasScannedForEncodings = 0;
			knownRegions = (
				en,
				Base,
			);
			mainGroup = B6B118262716D261008842BA;
			packageReferences = (
				B60DBC8B271954A500A7F3C6 /* XCRemoteSwiftPackageReference "facebook-ios-sdk" */,
			);
			productRefGroup = B6B118302716D261008842BA /* Products */;
			projectDirPath = "";
			projectRoot = "";
			targets = (
				B6B1182E2716D261008842BA /* Planit */,
				B6B118442716D262008842BA /* PlanitTests */,
				B6B1184F2716D262008842BA /* PlanitUITests */,
			);
		};
/* End PBXProject section */

/* Begin PBXResourcesBuildPhase section */
		B6B1182D2716D261008842BA /* Resources */ = {
			isa = PBXResourcesBuildPhase;
			buildActionMask = 2147483647;
			files = (
				B6B1183F2716D262008842BA /* LaunchScreen.storyboard in Resources */,
				B6709E6B272BF32100847491 /* InputRecommander.storyboard in Resources */,
				B607976C2727FD2000D6D454 /* InputUserInfo.storyboard in Resources */,
				B6B272AF272687ED0010138A /* TermsOfUseViewController.xib in Resources */,
				B6709E65272BF1CB00847491 /* InputBirthday.storyboard in Resources */,
				B6709E62272BF05300847491 /* SelectGender.storyboard in Resources */,
				B6B1183C2716D262008842BA /* Assets.xcassets in Resources */,
				B6709E69272BF31600847491 /* SelectJob.storyboard in Resources */,
				B6B118682716D7B0008842BA /* LoginViewController.xib in Resources */,
			);
			runOnlyForDeploymentPostprocessing = 0;
		};
		B6B118432716D262008842BA /* Resources */ = {
			isa = PBXResourcesBuildPhase;
			buildActionMask = 2147483647;
			files = (
			);
			runOnlyForDeploymentPostprocessing = 0;
		};
		B6B1184E2716D262008842BA /* Resources */ = {
			isa = PBXResourcesBuildPhase;
			buildActionMask = 2147483647;
			files = (
			);
			runOnlyForDeploymentPostprocessing = 0;
		};
/* End PBXResourcesBuildPhase section */

/* Begin PBXShellScriptBuildPhase section */
		0EF53A07AF2CC4C4A8C8FEC5 /* [CP] Embed Pods Frameworks */ = {
			isa = PBXShellScriptBuildPhase;
			buildActionMask = 2147483647;
			files = (
			);
			inputFileListPaths = (
				"${PODS_ROOT}/Target Support Files/Pods-Planit/Pods-Planit-frameworks-${CONFIGURATION}-input-files.xcfilelist",
			);
			name = "[CP] Embed Pods Frameworks";
			outputFileListPaths = (
				"${PODS_ROOT}/Target Support Files/Pods-Planit/Pods-Planit-frameworks-${CONFIGURATION}-output-files.xcfilelist",
			);
			runOnlyForDeploymentPostprocessing = 0;
			shellPath = /bin/sh;
			shellScript = "\"${PODS_ROOT}/Target Support Files/Pods-Planit/Pods-Planit-frameworks.sh\"\n";
			showEnvVarsInLog = 0;
		};
		33D8C2D60FAADBCC85178303 /* [CP] Check Pods Manifest.lock */ = {
			isa = PBXShellScriptBuildPhase;
			buildActionMask = 2147483647;
			files = (
			);
			inputFileListPaths = (
			);
			inputPaths = (
				"${PODS_PODFILE_DIR_PATH}/Podfile.lock",
				"${PODS_ROOT}/Manifest.lock",
			);
			name = "[CP] Check Pods Manifest.lock";
			outputFileListPaths = (
			);
			outputPaths = (
				"$(DERIVED_FILE_DIR)/Pods-Planit-checkManifestLockResult.txt",
			);
			runOnlyForDeploymentPostprocessing = 0;
			shellPath = /bin/sh;
			shellScript = "diff \"${PODS_PODFILE_DIR_PATH}/Podfile.lock\" \"${PODS_ROOT}/Manifest.lock\" > /dev/null\nif [ $? != 0 ] ; then\n    # print error to STDERR\n    echo \"error: The sandbox is not in sync with the Podfile.lock. Run 'pod install' or update your CocoaPods installation.\" >&2\n    exit 1\nfi\n# This output is used by Xcode 'outputs' to avoid re-running this script phase.\necho \"SUCCESS\" > \"${SCRIPT_OUTPUT_FILE_0}\"\n";
			showEnvVarsInLog = 0;
		};
/* End PBXShellScriptBuildPhase section */

/* Begin PBXSourcesBuildPhase section */
		B6B1182B2716D261008842BA /* Sources */ = {
			isa = PBXSourcesBuildPhase;
			buildActionMask = 2147483647;
			files = (
				B60797712727FF8A00D6D454 /* NavigationViewController.swift in Sources */,
				B622420E272D07EE004F6750 /* NickNameDataManager.swift in Sources */,
				B60D61072729A27700D95950 /* InputRecommenderViewController.swift in Sources */,
				B6224217272D12D3004F6750 /* UserEntity.swift in Sources */,
				B67C989C2724FA3B0039D271 /* BaseTabBarController.swift in Sources */,
				B6B2269D272941370021A9A4 /* SelectJobViewController.swift in Sources */,
				B65310E127253E6F004AD249 /* TimerViewModel.swift in Sources */,
				B6B118672716D7B0008842BA /* LoginViewController.swift in Sources */,
				B622420B272D0751004F6750 /* nickNameEntity.swift in Sources */,
				B67C98A22724FB910039D271 /* UIViewController.swift in Sources */,
				B6709E55272BD7C100847491 /* NotificationName.swift in Sources */,
				B67C98A42724FBBE0039D271 /* IndicatorView.swift in Sources */,
				B6224209272D06FE004F6750 /* nickNameInput.swift in Sources */,
				B6B2269A27293C080021A9A4 /* InputBirthdayViewController.swift in Sources */,
				B6B272AE272687ED0010138A /* TermsOfUseViewController.swift in Sources */,
				B6B118332716D261008842BA /* AppDelegate.swift in Sources */,
				B67C98A02724FA9C0039D271 /* Color.swift in Sources */,
				B6D1FDF22728308A00C9C846 /* UITextField.swift in Sources */,
				B6B22698272933860021A9A4 /* SelectGenderViewController.swift in Sources */,
				B607976E2727FD3100D6D454 /* InputNameViewController.swift in Sources */,
				B6224219272D12DC004F6750 /* UserDataManager.swift in Sources */,
				B6224210272D0840004F6750 /* Constant.swift in Sources */,
				B67C98A62724FFB30039D271 /* TimerView.swift in Sources */,
				B6B118352716D261008842BA /* SceneDelegate.swift in Sources */,
			);
			runOnlyForDeploymentPostprocessing = 0;
		};
		B6B118412716D262008842BA /* Sources */ = {
			isa = PBXSourcesBuildPhase;
			buildActionMask = 2147483647;
			files = (
				B6B1184A2716D262008842BA /* PlanitTests.swift in Sources */,
			);
			runOnlyForDeploymentPostprocessing = 0;
		};
		B6B1184C2716D262008842BA /* Sources */ = {
			isa = PBXSourcesBuildPhase;
			buildActionMask = 2147483647;
			files = (
				B6B118552716D262008842BA /* PlanitUITests.swift in Sources */,
			);
			runOnlyForDeploymentPostprocessing = 0;
		};
/* End PBXSourcesBuildPhase section */

/* Begin PBXTargetDependency section */
		B6B118472716D262008842BA /* PBXTargetDependency */ = {
			isa = PBXTargetDependency;
			target = B6B1182E2716D261008842BA /* Planit */;
			targetProxy = B6B118462716D262008842BA /* PBXContainerItemProxy */;
		};
		B6B118522716D262008842BA /* PBXTargetDependency */ = {
			isa = PBXTargetDependency;
			target = B6B1182E2716D261008842BA /* Planit */;
			targetProxy = B6B118512716D262008842BA /* PBXContainerItemProxy */;
		};
/* End PBXTargetDependency section */

/* Begin PBXVariantGroup section */
		B6B1183D2716D262008842BA /* LaunchScreen.storyboard */ = {
			isa = PBXVariantGroup;
			children = (
				B6B1183E2716D262008842BA /* Base */,
			);
			name = LaunchScreen.storyboard;
			sourceTree = "<group>";
		};
/* End PBXVariantGroup section */

/* Begin XCBuildConfiguration section */
		B6B118572716D262008842BA /* Debug */ = {
			isa = XCBuildConfiguration;
			buildSettings = {
				ALWAYS_SEARCH_USER_PATHS = NO;
				CLANG_ANALYZER_NONNULL = YES;
				CLANG_ANALYZER_NUMBER_OBJECT_CONVERSION = YES_AGGRESSIVE;
				CLANG_CXX_LANGUAGE_STANDARD = "gnu++14";
				CLANG_CXX_LIBRARY = "libc++";
				CLANG_ENABLE_MODULES = YES;
				CLANG_ENABLE_OBJC_ARC = YES;
				CLANG_ENABLE_OBJC_WEAK = YES;
				CLANG_WARN_BLOCK_CAPTURE_AUTORELEASING = YES;
				CLANG_WARN_BOOL_CONVERSION = YES;
				CLANG_WARN_COMMA = YES;
				CLANG_WARN_CONSTANT_CONVERSION = YES;
				CLANG_WARN_DEPRECATED_OBJC_IMPLEMENTATIONS = YES;
				CLANG_WARN_DIRECT_OBJC_ISA_USAGE = YES_ERROR;
				CLANG_WARN_DOCUMENTATION_COMMENTS = YES;
				CLANG_WARN_EMPTY_BODY = YES;
				CLANG_WARN_ENUM_CONVERSION = YES;
				CLANG_WARN_INFINITE_RECURSION = YES;
				CLANG_WARN_INT_CONVERSION = YES;
				CLANG_WARN_NON_LITERAL_NULL_CONVERSION = YES;
				CLANG_WARN_OBJC_IMPLICIT_RETAIN_SELF = YES;
				CLANG_WARN_OBJC_LITERAL_CONVERSION = YES;
				CLANG_WARN_OBJC_ROOT_CLASS = YES_ERROR;
				CLANG_WARN_QUOTED_INCLUDE_IN_FRAMEWORK_HEADER = YES;
				CLANG_WARN_RANGE_LOOP_ANALYSIS = YES;
				CLANG_WARN_STRICT_PROTOTYPES = YES;
				CLANG_WARN_SUSPICIOUS_MOVE = YES;
				CLANG_WARN_UNGUARDED_AVAILABILITY = YES_AGGRESSIVE;
				CLANG_WARN_UNREACHABLE_CODE = YES;
				CLANG_WARN__DUPLICATE_METHOD_MATCH = YES;
				COPY_PHASE_STRIP = NO;
				DEBUG_INFORMATION_FORMAT = dwarf;
				ENABLE_STRICT_OBJC_MSGSEND = YES;
				ENABLE_TESTABILITY = YES;
				GCC_C_LANGUAGE_STANDARD = gnu11;
				GCC_DYNAMIC_NO_PIC = NO;
				GCC_NO_COMMON_BLOCKS = YES;
				GCC_OPTIMIZATION_LEVEL = 0;
				GCC_PREPROCESSOR_DEFINITIONS = (
					"DEBUG=1",
					"$(inherited)",
				);
				GCC_WARN_64_TO_32_BIT_CONVERSION = YES;
				GCC_WARN_ABOUT_RETURN_TYPE = YES_ERROR;
				GCC_WARN_UNDECLARED_SELECTOR = YES;
				GCC_WARN_UNINITIALIZED_AUTOS = YES_AGGRESSIVE;
				GCC_WARN_UNUSED_FUNCTION = YES;
				GCC_WARN_UNUSED_VARIABLE = YES;
				IPHONEOS_DEPLOYMENT_TARGET = 14.5;
				MTL_ENABLE_DEBUG_INFO = INCLUDE_SOURCE;
				MTL_FAST_MATH = YES;
				ONLY_ACTIVE_ARCH = YES;
				SDKROOT = iphoneos;
				SWIFT_ACTIVE_COMPILATION_CONDITIONS = DEBUG;
				SWIFT_OPTIMIZATION_LEVEL = "-Onone";
			};
			name = Debug;
		};
		B6B118582716D262008842BA /* Release */ = {
			isa = XCBuildConfiguration;
			buildSettings = {
				ALWAYS_SEARCH_USER_PATHS = NO;
				CLANG_ANALYZER_NONNULL = YES;
				CLANG_ANALYZER_NUMBER_OBJECT_CONVERSION = YES_AGGRESSIVE;
				CLANG_CXX_LANGUAGE_STANDARD = "gnu++14";
				CLANG_CXX_LIBRARY = "libc++";
				CLANG_ENABLE_MODULES = YES;
				CLANG_ENABLE_OBJC_ARC = YES;
				CLANG_ENABLE_OBJC_WEAK = YES;
				CLANG_WARN_BLOCK_CAPTURE_AUTORELEASING = YES;
				CLANG_WARN_BOOL_CONVERSION = YES;
				CLANG_WARN_COMMA = YES;
				CLANG_WARN_CONSTANT_CONVERSION = YES;
				CLANG_WARN_DEPRECATED_OBJC_IMPLEMENTATIONS = YES;
				CLANG_WARN_DIRECT_OBJC_ISA_USAGE = YES_ERROR;
				CLANG_WARN_DOCUMENTATION_COMMENTS = YES;
				CLANG_WARN_EMPTY_BODY = YES;
				CLANG_WARN_ENUM_CONVERSION = YES;
				CLANG_WARN_INFINITE_RECURSION = YES;
				CLANG_WARN_INT_CONVERSION = YES;
				CLANG_WARN_NON_LITERAL_NULL_CONVERSION = YES;
				CLANG_WARN_OBJC_IMPLICIT_RETAIN_SELF = YES;
				CLANG_WARN_OBJC_LITERAL_CONVERSION = YES;
				CLANG_WARN_OBJC_ROOT_CLASS = YES_ERROR;
				CLANG_WARN_QUOTED_INCLUDE_IN_FRAMEWORK_HEADER = YES;
				CLANG_WARN_RANGE_LOOP_ANALYSIS = YES;
				CLANG_WARN_STRICT_PROTOTYPES = YES;
				CLANG_WARN_SUSPICIOUS_MOVE = YES;
				CLANG_WARN_UNGUARDED_AVAILABILITY = YES_AGGRESSIVE;
				CLANG_WARN_UNREACHABLE_CODE = YES;
				CLANG_WARN__DUPLICATE_METHOD_MATCH = YES;
				COPY_PHASE_STRIP = NO;
				DEBUG_INFORMATION_FORMAT = "dwarf-with-dsym";
				ENABLE_NS_ASSERTIONS = NO;
				ENABLE_STRICT_OBJC_MSGSEND = YES;
				GCC_C_LANGUAGE_STANDARD = gnu11;
				GCC_NO_COMMON_BLOCKS = YES;
				GCC_WARN_64_TO_32_BIT_CONVERSION = YES;
				GCC_WARN_ABOUT_RETURN_TYPE = YES_ERROR;
				GCC_WARN_UNDECLARED_SELECTOR = YES;
				GCC_WARN_UNINITIALIZED_AUTOS = YES_AGGRESSIVE;
				GCC_WARN_UNUSED_FUNCTION = YES;
				GCC_WARN_UNUSED_VARIABLE = YES;
				IPHONEOS_DEPLOYMENT_TARGET = 14.5;
				MTL_ENABLE_DEBUG_INFO = NO;
				MTL_FAST_MATH = YES;
				SDKROOT = iphoneos;
				SWIFT_COMPILATION_MODE = wholemodule;
				SWIFT_OPTIMIZATION_LEVEL = "-O";
				VALIDATE_PRODUCT = YES;
			};
			name = Release;
		};
		B6B1185A2716D262008842BA /* Debug */ = {
			isa = XCBuildConfiguration;
			baseConfigurationReference = A58A080CB94FCEFA57FD8DDA /* Pods-Planit.debug.xcconfig */;
			buildSettings = {
				ASSETCATALOG_COMPILER_APPICON_NAME = AppIcon;
				ASSETCATALOG_COMPILER_GLOBAL_ACCENT_COLOR_NAME = AccentColor;
				CODE_SIGN_ENTITLEMENTS = "Cash Study/Cash Study.entitlements";
				CODE_SIGN_STYLE = Automatic;
				INFOPLIST_FILE = Planit/Configuration/Info.plist;
				IPHONEOS_DEPLOYMENT_TARGET = 13.0;
				LD_RUNPATH_SEARCH_PATHS = (
					"$(inherited)",
					"@executable_path/Frameworks",
				);
				PRODUCT_BUNDLE_IDENTIFIER = netLee.Planit;
				PRODUCT_NAME = "$(TARGET_NAME)";
				SWIFT_VERSION = 5.0;
				TARGETED_DEVICE_FAMILY = "1,2";
			};
			name = Debug;
		};
		B6B1185B2716D262008842BA /* Release */ = {
			isa = XCBuildConfiguration;
			baseConfigurationReference = 12515EB9F88CEC06F6BF6A21 /* Pods-Planit.release.xcconfig */;
			buildSettings = {
				ASSETCATALOG_COMPILER_APPICON_NAME = AppIcon;
				ASSETCATALOG_COMPILER_GLOBAL_ACCENT_COLOR_NAME = AccentColor;
				CODE_SIGN_ENTITLEMENTS = "Cash Study/Cash Study.entitlements";
				CODE_SIGN_STYLE = Automatic;
				INFOPLIST_FILE = Planit/Configuration/Info.plist;
				IPHONEOS_DEPLOYMENT_TARGET = 13.0;
				LD_RUNPATH_SEARCH_PATHS = (
					"$(inherited)",
					"@executable_path/Frameworks",
				);
				PRODUCT_BUNDLE_IDENTIFIER = netLee.Planit;
				PRODUCT_NAME = "$(TARGET_NAME)";
				SWIFT_VERSION = 5.0;
				TARGETED_DEVICE_FAMILY = "1,2";
			};
			name = Release;
		};
		B6B1185D2716D262008842BA /* Debug */ = {
			isa = XCBuildConfiguration;
			buildSettings = {
				ALWAYS_EMBED_SWIFT_STANDARD_LIBRARIES = YES;
				BUNDLE_LOADER = "$(TEST_HOST)";
				CODE_SIGN_STYLE = Automatic;
				INFOPLIST_FILE = "Cash StudyTests/Info.plist";
				IPHONEOS_DEPLOYMENT_TARGET = 14.5;
				LD_RUNPATH_SEARCH_PATHS = (
					"$(inherited)",
					"@executable_path/Frameworks",
					"@loader_path/Frameworks",
				);
				PRODUCT_BUNDLE_IDENTIFIER = "netLee.Cash-StudyTests";
				PRODUCT_NAME = "$(TARGET_NAME)";
				SWIFT_VERSION = 5.0;
				TARGETED_DEVICE_FAMILY = "1,2";
				TEST_HOST = "$(BUILT_PRODUCTS_DIR)/Planit.app/Planit";
			};
			name = Debug;
		};
		B6B1185E2716D262008842BA /* Release */ = {
			isa = XCBuildConfiguration;
			buildSettings = {
				ALWAYS_EMBED_SWIFT_STANDARD_LIBRARIES = YES;
				BUNDLE_LOADER = "$(TEST_HOST)";
				CODE_SIGN_STYLE = Automatic;
				INFOPLIST_FILE = "Cash StudyTests/Info.plist";
				IPHONEOS_DEPLOYMENT_TARGET = 14.5;
				LD_RUNPATH_SEARCH_PATHS = (
					"$(inherited)",
					"@executable_path/Frameworks",
					"@loader_path/Frameworks",
				);
				PRODUCT_BUNDLE_IDENTIFIER = "netLee.Cash-StudyTests";
				PRODUCT_NAME = "$(TARGET_NAME)";
				SWIFT_VERSION = 5.0;
				TARGETED_DEVICE_FAMILY = "1,2";
				TEST_HOST = "$(BUILT_PRODUCTS_DIR)/Planit.app/Planit";
			};
			name = Release;
		};
		B6B118602716D262008842BA /* Debug */ = {
			isa = XCBuildConfiguration;
			buildSettings = {
				ALWAYS_EMBED_SWIFT_STANDARD_LIBRARIES = YES;
				CODE_SIGN_STYLE = Automatic;
				INFOPLIST_FILE = "Cash StudyUITests/Info.plist";
				LD_RUNPATH_SEARCH_PATHS = (
					"$(inherited)",
					"@executable_path/Frameworks",
					"@loader_path/Frameworks",
				);
				PRODUCT_BUNDLE_IDENTIFIER = "netLee.Cash-StudyUITests";
				PRODUCT_NAME = "$(TARGET_NAME)";
				SWIFT_VERSION = 5.0;
				TARGETED_DEVICE_FAMILY = "1,2";
				TEST_TARGET_NAME = "Cash Study";
			};
			name = Debug;
		};
		B6B118612716D262008842BA /* Release */ = {
			isa = XCBuildConfiguration;
			buildSettings = {
				ALWAYS_EMBED_SWIFT_STANDARD_LIBRARIES = YES;
				CODE_SIGN_STYLE = Automatic;
				INFOPLIST_FILE = "Cash StudyUITests/Info.plist";
				LD_RUNPATH_SEARCH_PATHS = (
					"$(inherited)",
					"@executable_path/Frameworks",
					"@loader_path/Frameworks",
				);
				PRODUCT_BUNDLE_IDENTIFIER = "netLee.Cash-StudyUITests";
				PRODUCT_NAME = "$(TARGET_NAME)";
				SWIFT_VERSION = 5.0;
				TARGETED_DEVICE_FAMILY = "1,2";
				TEST_TARGET_NAME = "Cash Study";
			};
			name = Release;
		};
/* End XCBuildConfiguration section */

/* Begin XCConfigurationList section */
		B6B1182A2716D261008842BA /* Build configuration list for PBXProject "Planit" */ = {
			isa = XCConfigurationList;
			buildConfigurations = (
				B6B118572716D262008842BA /* Debug */,
				B6B118582716D262008842BA /* Release */,
			);
			defaultConfigurationIsVisible = 0;
			defaultConfigurationName = Release;
		};
		B6B118592716D262008842BA /* Build configuration list for PBXNativeTarget "Planit" */ = {
			isa = XCConfigurationList;
			buildConfigurations = (
				B6B1185A2716D262008842BA /* Debug */,
				B6B1185B2716D262008842BA /* Release */,
			);
			defaultConfigurationIsVisible = 0;
			defaultConfigurationName = Release;
		};
		B6B1185C2716D262008842BA /* Build configuration list for PBXNativeTarget "PlanitTests" */ = {
			isa = XCConfigurationList;
			buildConfigurations = (
				B6B1185D2716D262008842BA /* Debug */,
				B6B1185E2716D262008842BA /* Release */,
			);
			defaultConfigurationIsVisible = 0;
			defaultConfigurationName = Release;
		};
		B6B1185F2716D262008842BA /* Build configuration list for PBXNativeTarget "PlanitUITests" */ = {
			isa = XCConfigurationList;
			buildConfigurations = (
				B6B118602716D262008842BA /* Debug */,
				B6B118612716D262008842BA /* Release */,
			);
			defaultConfigurationIsVisible = 0;
			defaultConfigurationName = Release;
		};
/* End XCConfigurationList section */

/* Begin XCRemoteSwiftPackageReference section */
		B60DBC8B271954A500A7F3C6 /* XCRemoteSwiftPackageReference "facebook-ios-sdk" */ = {
			isa = XCRemoteSwiftPackageReference;
			repositoryURL = "https://github.com/facebook/facebook-ios-sdk";
			requirement = {
				kind = upToNextMajorVersion;
				minimumVersion = 12.0.0;
			};
		};
/* End XCRemoteSwiftPackageReference section */

/* Begin XCSwiftPackageProductDependency section */
		B60DBC8C271954A500A7F3C6 /* FacebookCore */ = {
			isa = XCSwiftPackageProductDependency;
			package = B60DBC8B271954A500A7F3C6 /* XCRemoteSwiftPackageReference "facebook-ios-sdk" */;
			productName = FacebookCore;
		};
		B60DBC8E271954A500A7F3C6 /* FacebookLogin */ = {
			isa = XCSwiftPackageProductDependency;
			package = B60DBC8B271954A500A7F3C6 /* XCRemoteSwiftPackageReference "facebook-ios-sdk" */;
			productName = FacebookLogin;
		};
/* End XCSwiftPackageProductDependency section */
	};
	rootObject = B6B118272716D261008842BA /* Project object */;
}
